
Microsoft Visual Studio Solution File, Format Version 12.00
# Visual Studio Version 17
VisualStudioVersion = 17.13.35931.197 d17.13
MinimumVisualStudioVersion = 10.0.40219.1
Project("{FAE04EC0-301F-11D3-BF4B-00C04F79EFBC}") = "PracticalWork1", "PracticalWork1\PracticalWork1.csproj", "{22E9BF18-A6F3-4448-88E7-09F6E77ECDD1}"
EndProject
Global
	GlobalSection(SolutionConfigurationPlatforms) = preSolution
		Debug|Any CPU = Debug|Any CPU
		Release|Any CPU = Release|Any CPU
	EndGlobalSection
	GlobalSection(ProjectConfigurationPlatforms) = postSolution
		{22E9BF18-A6F3-4448-88E7-09F6E77ECDD1}.Debug|Any CPU.ActiveCfg = Debug|Any CPU
		{22E9BF18-A6F3-4448-88E7-09F6E77ECDD1}.Debug|Any CPU.Build.0 = Debug|Any CPU
		{22E9BF18-A6F3-4448-88E7-09F6E77ECDD1}.Release|Any CPU.ActiveCfg = Release|Any CPU
		{22E9BF18-A6F3-4448-88E7-09F6E77ECDD1}.Release|Any CPU.Build.0 = Release|Any CPU
	EndGlobalSection
	GlobalSection(SolutionProperties) = preSolution
		HideSolutionNode = FALSE
	EndGlobalSection
	GlobalSection(ExtensibilityGlobals) = postSolution
		SolutionGuid = {38C8A8B8-1CA1-40BD-B123-6E183AF57706}
	EndGlobalSection
EndGlobal
